
Microsoft Visual Studio Solution File, Format Version 12.00
# Visual Studio Version 16
VisualStudioVersion = 16.0.30804.86
MinimumVisualStudioVersion = 10.0.40219.1
Project("{FAE04EC0-301F-11D3-BF4B-00C04F79EFBC}") = "BulkyBook", "BulkyBook\BulkyBook.csproj", "{0C6A744C-C37C-4846-A497-794ACF8EFCCE}"
EndProject
Global
	GlobalSection(SolutionConfigurationPlatforms) = preSolution
		Debug|Any CPU = Debug|Any CPU
		Release|Any CPU = Release|Any CPU
	EndGlobalSection
	GlobalSection(ProjectConfigurationPlatforms) = postSolution
		{0C6A744C-C37C-4846-A497-794ACF8EFCCE}.Debug|Any CPU.ActiveCfg = Debug|Any CPU
		{0C6A744C-C37C-4846-A497-794ACF8EFCCE}.Debug|Any CPU.Build.0 = Debug|Any CPU
		{0C6A744C-C37C-4846-A497-794ACF8EFCCE}.Release|Any CPU.ActiveCfg = Release|Any CPU
		{0C6A744C-C37C-4846-A497-794ACF8EFCCE}.Release|Any CPU.Build.0 = Release|Any CPU
	EndGlobalSection
	GlobalSection(SolutionProperties) = preSolution
		HideSolutionNode = FALSE
	EndGlobalSection
	GlobalSection(ExtensibilityGlobals) = postSolution
		SolutionGuid = {550439F0-735F-4563-B119-482D244B3DE4}
	EndGlobalSection
EndGlobal
